// !$*UTF8*$!
{
	archiveVersion = 1;
	classes = {
	};
	objectVersion = 50;
	objects = {

/* Begin PBXBuildFile section */
		61270572712FCA508A7DD546 /* Pods_MasteringiOS.framework in Frameworks */ = {isa = PBXBuildFile; fileRef = 4A9DA74B4FD3FC949B776931 /* Pods_MasteringiOS.framework */; };
		CE677FC720929C96001DFC41 /* QuizViewController.swift in Sources */ = {isa = PBXBuildFile; fileRef = CE677FC620929C96001DFC41 /* QuizViewController.swift */; };
		CE677FC92092B2FB001DFC41 /* UIButtonAnimations.swift in Sources */ = {isa = PBXBuildFile; fileRef = CE677FC82092B2FB001DFC41 /* UIButtonAnimations.swift */; };
		CEBAC40D208EA631005189CE /* AppDelegate.swift in Sources */ = {isa = PBXBuildFile; fileRef = CEBAC40C208EA631005189CE /* AppDelegate.swift */; };
		CEBAC40F208EA631005189CE /* ViewController.swift in Sources */ = {isa = PBXBuildFile; fileRef = CEBAC40E208EA631005189CE /* ViewController.swift */; };
		CEBAC412208EA631005189CE /* Main.storyboard in Resources */ = {isa = PBXBuildFile; fileRef = CEBAC410208EA631005189CE /* Main.storyboard */; };
		CEBAC414208EA633005189CE /* Assets.xcassets in Resources */ = {isa = PBXBuildFile; fileRef = CEBAC413208EA633005189CE /* Assets.xcassets */; };
		CEBAC417208EA633005189CE /* LaunchScreen.storyboard in Resources */ = {isa = PBXBuildFile; fileRef = CEBAC415208EA633005189CE /* LaunchScreen.storyboard */; };
		CEBAC421208ED39A005189CE /* ChartsViewController.swift in Sources */ = {isa = PBXBuildFile; fileRef = CEBAC420208ED39A005189CE /* ChartsViewController.swift */; };
		CED69D5620F45DD6001E93CC /* LearningModuleSelectorViewController.swift in Sources */ = {isa = PBXBuildFile; fileRef = CED69D5520F45DD6001E93CC /* LearningModuleSelectorViewController.swift */; };
		CED69D5820F47E54001E93CC /* HomeViewController.swift in Sources */ = {isa = PBXBuildFile; fileRef = CED69D5720F47E54001E93CC /* HomeViewController.swift */; };
/* End PBXBuildFile section */

/* Begin PBXFileReference section */
		4A9DA74B4FD3FC949B776931 /* Pods_MasteringiOS.framework */ = {isa = PBXFileReference; explicitFileType = wrapper.framework; includeInIndex = 0; path = Pods_MasteringiOS.framework; sourceTree = BUILT_PRODUCTS_DIR; };
		8778ED229D8E1FE4249DA88A /* Pods-MasteringiOS.release.xcconfig */ = {isa = PBXFileReference; includeInIndex = 1; lastKnownFileType = text.xcconfig; name = "Pods-MasteringiOS.release.xcconfig"; path = "Pods/Target Support Files/Pods-MasteringiOS/Pods-MasteringiOS.release.xcconfig"; sourceTree = "<group>"; };
		B2184B4014A0031826FB2A30 /* Pods-MasteringiOS.debug.xcconfig */ = {isa = PBXFileReference; includeInIndex = 1; lastKnownFileType = text.xcconfig; name = "Pods-MasteringiOS.debug.xcconfig"; path = "Pods/Target Support Files/Pods-MasteringiOS/Pods-MasteringiOS.debug.xcconfig"; sourceTree = "<group>"; };
		CE677FC620929C96001DFC41 /* QuizViewController.swift */ = {isa = PBXFileReference; lastKnownFileType = sourcecode.swift; path = QuizViewController.swift; sourceTree = "<group>"; };
		CE677FC82092B2FB001DFC41 /* UIButtonAnimations.swift */ = {isa = PBXFileReference; lastKnownFileType = sourcecode.swift; path = UIButtonAnimations.swift; sourceTree = "<group>"; };
		CEBAC409208EA631005189CE /* MasteringiOS.app */ = {isa = PBXFileReference; explicitFileType = wrapper.application; includeInIndex = 0; path = MasteringiOS.app; sourceTree = BUILT_PRODUCTS_DIR; };
		CEBAC40C208EA631005189CE /* AppDelegate.swift */ = {isa = PBXFileReference; lastKnownFileType = sourcecode.swift; path = AppDelegate.swift; sourceTree = "<group>"; };
		CEBAC40E208EA631005189CE /* ViewController.swift */ = {isa = PBXFileReference; lastKnownFileType = sourcecode.swift; path = ViewController.swift; sourceTree = "<group>"; };
		CEBAC411208EA631005189CE /* Base */ = {isa = PBXFileReference; lastKnownFileType = file.storyboard; name = Base; path = Base.lproj/Main.storyboard; sourceTree = "<group>"; };
		CEBAC413208EA633005189CE /* Assets.xcassets */ = {isa = PBXFileReference; lastKnownFileType = folder.assetcatalog; path = Assets.xcassets; sourceTree = "<group>"; };
		CEBAC416208EA633005189CE /* Base */ = {isa = PBXFileReference; lastKnownFileType = file.storyboard; name = Base; path = Base.lproj/LaunchScreen.storyboard; sourceTree = "<group>"; };
		CEBAC418208EA633005189CE /* Info.plist */ = {isa = PBXFileReference; lastKnownFileType = text.plist.xml; path = Info.plist; sourceTree = "<group>"; };
		CEBAC420208ED39A005189CE /* ChartsViewController.swift */ = {isa = PBXFileReference; lastKnownFileType = sourcecode.swift; path = ChartsViewController.swift; sourceTree = "<group>"; };
		CED69D5520F45DD6001E93CC /* LearningModuleSelectorViewController.swift */ = {isa = PBXFileReference; lastKnownFileType = sourcecode.swift; path = LearningModuleSelectorViewController.swift; sourceTree = "<group>"; };
		CED69D5720F47E54001E93CC /* HomeViewController.swift */ = {isa = PBXFileReference; lastKnownFileType = sourcecode.swift; path = HomeViewController.swift; sourceTree = "<group>"; };
/* End PBXFileReference section */

/* Begin PBXFrameworksBuildPhase section */
		CEBAC406208EA631005189CE /* Frameworks */ = {
			isa = PBXFrameworksBuildPhase;
			buildActionMask = 2147483647;
			files = (
				61270572712FCA508A7DD546 /* Pods_MasteringiOS.framework in Frameworks */,
			);
			runOnlyForDeploymentPostprocessing = 0;
		};
/* End PBXFrameworksBuildPhase section */

/* Begin PBXGroup section */
		6DDF17A6CB7D50B779248BD0 /* Frameworks */ = {
			isa = PBXGroup;
			children = (
				4A9DA74B4FD3FC949B776931 /* Pods_MasteringiOS.framework */,
			);
			name = Frameworks;
			sourceTree = "<group>";
		};
		C639483E7E05C591FC34FFB4 /* Pods */ = {
			isa = PBXGroup;
			children = (
				B2184B4014A0031826FB2A30 /* Pods-MasteringiOS.debug.xcconfig */,
				8778ED229D8E1FE4249DA88A /* Pods-MasteringiOS.release.xcconfig */,
			);
			name = Pods;
			sourceTree = "<group>";
		};
		CEBAC400208EA630005189CE = {
			isa = PBXGroup;
			children = (
				CEBAC40B208EA631005189CE /* MasteringiOS */,
				CEBAC40A208EA631005189CE /* Products */,
				C639483E7E05C591FC34FFB4 /* Pods */,
				6DDF17A6CB7D50B779248BD0 /* Frameworks */,
			);
			sourceTree = "<group>";
		};
		CEBAC40A208EA631005189CE /* Products */ = {
			isa = PBXGroup;
			children = (
				CEBAC409208EA631005189CE /* MasteringiOS.app */,
			);
			name = Products;
			sourceTree = "<group>";
		};
		CEBAC40B208EA631005189CE /* MasteringiOS */ = {
			isa = PBXGroup;
			children = (
				CEBAC40C208EA631005189CE /* AppDelegate.swift */,
				CEBAC40E208EA631005189CE /* ViewController.swift */,
				CEBAC420208ED39A005189CE /* ChartsViewController.swift */,
				CE677FC620929C96001DFC41 /* QuizViewController.swift */,
				CE677FC82092B2FB001DFC41 /* UIButtonAnimations.swift */,
				CEBAC410208EA631005189CE /* Main.storyboard */,
				CEBAC413208EA633005189CE /* Assets.xcassets */,
				CEBAC415208EA633005189CE /* LaunchScreen.storyboard */,
				CEBAC418208EA633005189CE /* Info.plist */,
				CED69D5520F45DD6001E93CC /* LearningModuleSelectorViewController.swift */,
				CED69D5720F47E54001E93CC /* HomeViewController.swift */,
			);
			path = MasteringiOS;
			sourceTree = "<group>";
		};
/* End PBXGroup section */

/* Begin PBXNativeTarget section */
		CEBAC408208EA631005189CE /* MasteringiOS */ = {
			isa = PBXNativeTarget;
			buildConfigurationList = CEBAC41B208EA633005189CE /* Build configuration list for PBXNativeTarget "MasteringiOS" */;
			buildPhases = (
				C477F16BAB915C919A7FA068 /* [CP] Check Pods Manifest.lock */,
				CEBAC405208EA631005189CE /* Sources */,
				CEBAC406208EA631005189CE /* Frameworks */,
				CEBAC407208EA631005189CE /* Resources */,
				C748F1C13307B66987F11042 /* [CP] Embed Pods Frameworks */,
			);
			buildRules = (
			);
			dependencies = (
			);
			name = MasteringiOS;
			productName = MasteringiOS;
			productReference = CEBAC409208EA631005189CE /* MasteringiOS.app */;
			productType = "com.apple.product-type.application";
		};
/* End PBXNativeTarget section */

/* Begin PBXProject section */
		CEBAC401208EA630005189CE /* Project object */ = {
			isa = PBXProject;
			attributes = {
				LastSwiftUpdateCheck = 0930;
				LastUpgradeCheck = 0930;
				ORGANIZATIONNAME = "Somesh Arora";
				TargetAttributes = {
					CEBAC408208EA631005189CE = {
						CreatedOnToolsVersion = 9.3;
					};
				};
			};
			buildConfigurationList = CEBAC404208EA630005189CE /* Build configuration list for PBXProject "MasteringiOS" */;
			compatibilityVersion = "Xcode 9.3";
			developmentRegion = en;
			hasScannedForEncodings = 0;
			knownRegions = (
				en,
				Base,
			);
			mainGroup = CEBAC400208EA630005189CE;
			productRefGroup = CEBAC40A208EA631005189CE /* Products */;
			projectDirPath = "";
			projectRoot = "";
			targets = (
				CEBAC408208EA631005189CE /* MasteringiOS */,
			);
		};
/* End PBXProject section */

/* Begin PBXResourcesBuildPhase section */
		CEBAC407208EA631005189CE /* Resources */ = {
			isa = PBXResourcesBuildPhase;
			buildActionMask = 2147483647;
			files = (
				CEBAC417208EA633005189CE /* LaunchScreen.storyboard in Resources */,
				CEBAC414208EA633005189CE /* Assets.xcassets in Resources */,
				CEBAC412208EA631005189CE /* Main.storyboard in Resources */,
			);
			runOnlyForDeploymentPostprocessing = 0;
		};
/* End PBXResourcesBuildPhase section */

/* Begin PBXShellScriptBuildPhase section */
		C477F16BAB915C919A7FA068 /* [CP] Check Pods Manifest.lock */ = {
			isa = PBXShellScriptBuildPhase;
			buildActionMask = 2147483647;
			files = (
			);
			inputPaths = (
				"${PODS_PODFILE_DIR_PATH}/Podfile.lock",
				"${PODS_ROOT}/Manifest.lock",
			);
			name = "[CP] Check Pods Manifest.lock";
			outputPaths = (
				"$(DERIVED_FILE_DIR)/Pods-MasteringiOS-checkManifestLockResult.txt",
			);
			runOnlyForDeploymentPostprocessing = 0;
			shellPath = /bin/sh;
			shellScript = "diff \"${PODS_PODFILE_DIR_PATH}/Podfile.lock\" \"${PODS_ROOT}/Manifest.lock\" > /dev/null\nif [ $? != 0 ] ; then\n    # print error to STDERR\n    echo \"error: The sandbox is not in sync with the Podfile.lock. Run 'pod install' or update your CocoaPods installation.\" >&2\n    exit 1\nfi\n# This output is used by Xcode 'outputs' to avoid re-running this script phase.\necho \"SUCCESS\" > \"${SCRIPT_OUTPUT_FILE_0}\"\n";
			showEnvVarsInLog = 0;
		};
		C748F1C13307B66987F11042 /* [CP] Embed Pods Frameworks */ = {
			isa = PBXShellScriptBuildPhase;
			buildActionMask = 2147483647;
			files = (
			);
			inputPaths = (
				"${SRCROOT}/Pods/Target Support Files/Pods-MasteringiOS/Pods-MasteringiOS-frameworks.sh",
				"${BUILT_PRODUCTS_DIR}/Charts/Charts.framework",
			);
			name = "[CP] Embed Pods Frameworks";
			outputPaths = (
				"${TARGET_BUILD_DIR}/${FRAMEWORKS_FOLDER_PATH}/Charts.framework",
			);
			runOnlyForDeploymentPostprocessing = 0;
			shellPath = /bin/sh;
			shellScript = "\"${SRCROOT}/Pods/Target Support Files/Pods-MasteringiOS/Pods-MasteringiOS-frameworks.sh\"\n";
			showEnvVarsInLog = 0;
		};
/* End PBXShellScriptBuildPhase section */

/* Begin PBXSourcesBuildPhase section */
		CEBAC405208EA631005189CE /* Sources */ = {
			isa = PBXSourcesBuildPhase;
			buildActionMask = 2147483647;
			files = (
				CEBAC421208ED39A005189CE /* ChartsViewController.swift in Sources */,
				CE677FC92092B2FB001DFC41 /* UIButtonAnimations.swift in Sources */,
				CEBAC40F208EA631005189CE /* ViewController.swift in Sources */,
				CED69D5620F45DD6001E93CC /* LearningModuleSelectorViewController.swift in Sources */,
				CEBAC40D208EA631005189CE /* AppDelegate.swift in Sources */,
				CED69D5820F47E54001E93CC /* HomeViewController.swift in Sources */,
				CE677FC720929C96001DFC41 /* QuizViewController.swift in Sources */,
			);
			runOnlyForDeploymentPostprocessing = 0;
		};
/* End PBXSourcesBuildPhase section */

/* Begin PBXVariantGroup section */
		CEBAC410208EA631005189CE /* Main.storyboard */ = {
			isa = PBXVariantGroup;
			children = (
				CEBAC411208EA631005189CE /* Base */,
			);
			name = Main.storyboard;
			sourceTree = "<group>";
		};
		CEBAC415208EA633005189CE /* LaunchScreen.storyboard */ = {
			isa = PBXVariantGroup;
			children = (
				CEBAC416208EA633005189CE /* Base */,
			);
			name = LaunchScreen.storyboard;
			sourceTree = "<group>";
		};
/* End PBXVariantGroup section */

/* Begin XCBuildConfiguration section */
		CEBAC419208EA633005189CE /* Debug */ = {
			isa = XCBuildConfiguration;
			buildSettings = {
				ALWAYS_SEARCH_USER_PATHS = NO;
				CLANG_ANALYZER_NONNULL = YES;
				CLANG_ANALYZER_NUMBER_OBJECT_CONVERSION = YES_AGGRESSIVE;
				CLANG_CXX_LANGUAGE_STANDARD = "gnu++14";
				CLANG_CXX_LIBRARY = "libc++";
				CLANG_ENABLE_MODULES = YES;
				CLANG_ENABLE_OBJC_ARC = YES;
				CLANG_ENABLE_OBJC_WEAK = YES;
				CLANG_WARN_BLOCK_CAPTURE_AUTORELEASING = YES;
				CLANG_WARN_BOOL_CONVERSION = YES;
				CLANG_WARN_COMMA = YES;
				CLANG_WARN_CONSTANT_CONVERSION = YES;
				CLANG_WARN_DEPRECATED_OBJC_IMPLEMENTATIONS = YES;
				CLANG_WARN_DIRECT_OBJC_ISA_USAGE = YES_ERROR;
				CLANG_WARN_DOCUMENTATION_COMMENTS = YES;
				CLANG_WARN_EMPTY_BODY = YES;
				CLANG_WARN_ENUM_CONVERSION = YES;
				CLANG_WARN_INFINITE_RECURSION = YES;
				CLANG_WARN_INT_CONVERSION = YES;
				CLANG_WARN_NON_LITERAL_NULL_CONVERSION = YES;
				CLANG_WARN_OBJC_IMPLICIT_RETAIN_SELF = YES;
				CLANG_WARN_OBJC_LITERAL_CONVERSION = YES;
				CLANG_WARN_OBJC_ROOT_CLASS = YES_ERROR;
				CLANG_WARN_RANGE_LOOP_ANALYSIS = YES;
				CLANG_WARN_STRICT_PROTOTYPES = YES;
				CLANG_WARN_SUSPICIOUS_MOVE = YES;
				CLANG_WARN_UNGUARDED_AVAILABILITY = YES_AGGRESSIVE;
				CLANG_WARN_UNREACHABLE_CODE = YES;
				CLANG_WARN__DUPLICATE_METHOD_MATCH = YES;
				CODE_SIGN_IDENTITY = "iPhone Developer";
				COPY_PHASE_STRIP = NO;
				DEBUG_INFORMATION_FORMAT = dwarf;
				ENABLE_STRICT_OBJC_MSGSEND = YES;
				ENABLE_TESTABILITY = YES;
				GCC_C_LANGUAGE_STANDARD = gnu11;
				GCC_DYNAMIC_NO_PIC = NO;
				GCC_NO_COMMON_BLOCKS = YES;
				GCC_OPTIMIZATION_LEVEL = 0;
				GCC_PREPROCESSOR_DEFINITIONS = (
					"DEBUG=1",
					"$(inherited)",
				);
				GCC_WARN_64_TO_32_BIT_CONVERSION = YES;
				GCC_WARN_ABOUT_RETURN_TYPE = YES_ERROR;
				GCC_WARN_UNDECLARED_SELECTOR = YES;
				GCC_WARN_UNINITIALIZED_AUTOS = YES_AGGRESSIVE;
				GCC_WARN_UNUSED_FUNCTION = YES;
				GCC_WARN_UNUSED_VARIABLE = YES;
				IPHONEOS_DEPLOYMENT_TARGET = 11.3;
				MTL_ENABLE_DEBUG_INFO = YES;
				ONLY_ACTIVE_ARCH = YES;
				SDKROOT = iphoneos;
				SWIFT_ACTIVE_COMPILATION_CONDITIONS = DEBUG;
				SWIFT_OPTIMIZATION_LEVEL = "-Onone";
			};
			name = Debug;
		};
		CEBAC41A208EA633005189CE /* Release */ = {
			isa = XCBuildConfiguration;
			buildSettings = {
				ALWAYS_SEARCH_USER_PATHS = NO;
				CLANG_ANALYZER_NONNULL = YES;
				CLANG_ANALYZER_NUMBER_OBJECT_CONVERSION = YES_AGGRESSIVE;
				CLANG_CXX_LANGUAGE_STANDARD = "gnu++14";
				CLANG_CXX_LIBRARY = "libc++";
				CLANG_ENABLE_MODULES = YES;
				CLANG_ENABLE_OBJC_ARC = YES;
				CLANG_ENABLE_OBJC_WEAK = YES;
				CLANG_WARN_BLOCK_CAPTURE_AUTORELEASING = YES;
				CLANG_WARN_BOOL_CONVERSION = YES;
				CLANG_WARN_COMMA = YES;
				CLANG_WARN_CONSTANT_CONVERSION = YES;
				CLANG_WARN_DEPRECATED_OBJC_IMPLEMENTATIONS = YES;
				CLANG_WARN_DIRECT_OBJC_ISA_USAGE = YES_ERROR;
				CLANG_WARN_DOCUMENTATION_COMMENTS = YES;
				CLANG_WARN_EMPTY_BODY = YES;
				CLANG_WARN_ENUM_CONVERSION = YES;
				CLANG_WARN_INFINITE_RECURSION = YES;
				CLANG_WARN_INT_CONVERSION = YES;
				CLANG_WARN_NON_LITERAL_NULL_CONVERSION = YES;
				CLANG_WARN_OBJC_IMPLICIT_RETAIN_SELF = YES;
				CLANG_WARN_OBJC_LITERAL_CONVERSION = YES;
				CLANG_WARN_OBJC_ROOT_CLASS = YES_ERROR;
				CLANG_WARN_RANGE_LOOP_ANALYSIS = YES;
				CLANG_WARN_STRICT_PROTOTYPES = YES;
				CLANG_WARN_SUSPICIOUS_MOVE = YES;
				CLANG_WARN_UNGUARDED_AVAILABILITY = YES_AGGRESSIVE;
				CLANG_WARN_UNREACHABLE_CODE = YES;
				CLANG_WARN__DUPLICATE_METHOD_MATCH = YES;
				CODE_SIGN_IDENTITY = "iPhone Developer";
				COPY_PHASE_STRIP = NO;
				DEBUG_INFORMATION_FORMAT = "dwarf-with-dsym";
				ENABLE_NS_ASSERTIONS = NO;
				ENABLE_STRICT_OBJC_MSGSEND = YES;
				GCC_C_LANGUAGE_STANDARD = gnu11;
				GCC_NO_COMMON_BLOCKS = YES;
				GCC_WARN_64_TO_32_BIT_CONVERSION = YES;
				GCC_WARN_ABOUT_RETURN_TYPE = YES_ERROR;
				GCC_WARN_UNDECLARED_SELECTOR = YES;
				GCC_WARN_UNINITIALIZED_AUTOS = YES_AGGRESSIVE;
				GCC_WARN_UNUSED_FUNCTION = YES;
				GCC_WARN_UNUSED_VARIABLE = YES;
				IPHONEOS_DEPLOYMENT_TARGET = 11.3;
				MTL_ENABLE_DEBUG_INFO = NO;
				SDKROOT = iphoneos;
				SWIFT_COMPILATION_MODE = wholemodule;
				SWIFT_OPTIMIZATION_LEVEL = "-O";
				VALIDATE_PRODUCT = YES;
			};
			name = Release;
		};
		CEBAC41C208EA633005189CE /* Debug */ = {
			isa = XCBuildConfiguration;
			baseConfigurationReference = B2184B4014A0031826FB2A30 /* Pods-MasteringiOS.debug.xcconfig */;
			buildSettings = {
				ASSETCATALOG_COMPILER_APPICON_NAME = AppIcon;
				CODE_SIGN_STYLE = Automatic;
				DEVELOPMENT_TEAM = C6AQM8MP6F;
				INFOPLIST_FILE = MasteringiOS/Info.plist;
				LD_RUNPATH_SEARCH_PATHS = (
					"$(inherited)",
					"@executable_path/Frameworks",
				);
				PRODUCT_BUNDLE_IDENTIFIER = somesharora.MasteringiOS;
				PRODUCT_NAME = "$(TARGET_NAME)";
				SWIFT_VERSION = 4.0;
				TARGETED_DEVICE_FAMILY = "1,2";
			};
			name = Debug;
		};
		CEBAC41D208EA633005189CE /* Release */ = {
			isa = XCBuildConfiguration;
			baseConfigurationReference = 8778ED229D8E1FE4249DA88A /* Pods-MasteringiOS.release.xcconfig */;
			buildSettings = {
				ASSETCATALOG_COMPILER_APPICON_NAME = AppIcon;
				CODE_SIGN_STYLE = Automatic;
				DEVELOPMENT_TEAM = C6AQM8MP6F;
				INFOPLIST_FILE = MasteringiOS/Info.plist;
				LD_RUNPATH_SEARCH_PATHS = (
					"$(inherited)",
					"@executable_path/Frameworks",
				);
				PRODUCT_BUNDLE_IDENTIFIER = somesharora.MasteringiOS;
				PRODUCT_NAME = "$(TARGET_NAME)";
				SWIFT_VERSION = 4.0;
				TARGETED_DEVICE_FAMILY = "1,2";
			};
			name = Release;
		};
/* End XCBuildConfiguration section */

/* Begin XCConfigurationList section */
		CEBAC404208EA630005189CE /* Build configuration list for PBXProject "MasteringiOS" */ = {
			isa = XCConfigurationList;
			buildConfigurations = (
				CEBAC419208EA633005189CE /* Debug */,
				CEBAC41A208EA633005189CE /* Release */,
			);
			defaultConfigurationIsVisible = 0;
			defaultConfigurationName = Release;
		};
		CEBAC41B208EA633005189CE /* Build configuration list for PBXNativeTarget "MasteringiOS" */ = {
			isa = XCConfigurationList;
			buildConfigurations = (
				CEBAC41C208EA633005189CE /* Debug */,
				CEBAC41D208EA633005189CE /* Release */,
			);
			defaultConfigurationIsVisible = 0;
			defaultConfigurationName = Release;
		};
/* End XCConfigurationList section */
	};
	rootObject = CEBAC401208EA630005189CE /* Project object */;
}
